
Microsoft Visual Studio Solution File, Format Version 12.00
# Visual Studio Version 17
VisualStudioVersion = 17.5.33414.496
MinimumVisualStudioVersion = 10.0.40219.1
Project("{9A19103F-16F7-4668-BE54-9A1E7A4F7556}") = "TokenApi.Data", "TokenApi.Data\TokenApi.Data.csproj", "{8D152AEC-C186-44E0-9A0A-070E41ACE082}"
EndProject
Project("{9A19103F-16F7-4668-BE54-9A1E7A4F7556}") = "TokenApi.Base", "TokenApi.Base\TokenApi.Base.csproj", "{E31261AC-3454-42D3-B5D5-4D370CE60239}"
EndProject
Project("{9A19103F-16F7-4668-BE54-9A1E7A4F7556}") = "TokenApi.Dto", "TokenApi.Dto\TokenApi.Dto.csproj", "{3F2748E4-1E29-4785-97D5-AEE1698E2E34}"
EndProject
Project("{9A19103F-16F7-4668-BE54-9A1E7A4F7556}") = "TokenApi.Web", "WebApplication1\TokenApi.Web.csproj", "{7EAF98AE-CFEA-4276-8D7C-89A6B04BC826}"
EndProject
Project("{FAE04EC0-301F-11D3-BF4B-00C04F79EFBC}") = "TokenApi.Service", "TokenApi.Service\TokenApi.Service.csproj", "{166A5787-8079-4B5A-94CC-E7EB30BE01EA}"
EndProject
Global
	GlobalSection(SolutionConfigurationPlatforms) = preSolution
		Debug|Any CPU = Debug|Any CPU
		Release|Any CPU = Release|Any CPU
	EndGlobalSection
	GlobalSection(ProjectConfigurationPlatforms) = postSolution
		{8D152AEC-C186-44E0-9A0A-070E41ACE082}.Debug|Any CPU.ActiveCfg = Debug|Any CPU
		{8D152AEC-C186-44E0-9A0A-070E41ACE082}.Debug|Any CPU.Build.0 = Debug|Any CPU
		{8D152AEC-C186-44E0-9A0A-070E41ACE082}.Release|Any CPU.ActiveCfg = Release|Any CPU
		{8D152AEC-C186-44E0-9A0A-070E41ACE082}.Release|Any CPU.Build.0 = Release|Any CPU
		{E31261AC-3454-42D3-B5D5-4D370CE60239}.Debug|Any CPU.ActiveCfg = Debug|Any CPU
		{E31261AC-3454-42D3-B5D5-4D370CE60239}.Debug|Any CPU.Build.0 = Debug|Any CPU
		{E31261AC-3454-42D3-B5D5-4D370CE60239}.Release|Any CPU.ActiveCfg = Release|Any CPU
		{E31261AC-3454-42D3-B5D5-4D370CE60239}.Release|Any CPU.Build.0 = Release|Any CPU
		{3F2748E4-1E29-4785-97D5-AEE1698E2E34}.Debug|Any CPU.ActiveCfg = Debug|Any CPU
		{3F2748E4-1E29-4785-97D5-AEE1698E2E34}.Debug|Any CPU.Build.0 = Debug|Any CPU
		{3F2748E4-1E29-4785-97D5-AEE1698E2E34}.Release|Any CPU.ActiveCfg = Release|Any CPU
		{3F2748E4-1E29-4785-97D5-AEE1698E2E34}.Release|Any CPU.Build.0 = Release|Any CPU
		{7EAF98AE-CFEA-4276-8D7C-89A6B04BC826}.Debug|Any CPU.ActiveCfg = Debug|Any CPU
		{7EAF98AE-CFEA-4276-8D7C-89A6B04BC826}.Debug|Any CPU.Build.0 = Debug|Any CPU
		{7EAF98AE-CFEA-4276-8D7C-89A6B04BC826}.Release|Any CPU.ActiveCfg = Release|Any CPU
		{7EAF98AE-CFEA-4276-8D7C-89A6B04BC826}.Release|Any CPU.Build.0 = Release|Any CPU
		{166A5787-8079-4B5A-94CC-E7EB30BE01EA}.Debug|Any CPU.ActiveCfg = Debug|Any CPU
		{166A5787-8079-4B5A-94CC-E7EB30BE01EA}.Debug|Any CPU.Build.0 = Debug|Any CPU
		{166A5787-8079-4B5A-94CC-E7EB30BE01EA}.Release|Any CPU.ActiveCfg = Release|Any CPU
		{166A5787-8079-4B5A-94CC-E7EB30BE01EA}.Release|Any CPU.Build.0 = Release|Any CPU
	EndGlobalSection
	GlobalSection(SolutionProperties) = preSolution
		HideSolutionNode = FALSE
	EndGlobalSection
	GlobalSection(ExtensibilityGlobals) = postSolution
		SolutionGuid = {BBB47850-F391-4644-B0D4-DDDD488DDD23}
	EndGlobalSection
EndGlobal
